// !$*UTF8*$!
{
	archiveVersion = 1;
	classes = {
	};
	objectVersion = 46;
	objects = {

/* Begin PBXBuildFile section */
		4CA4CF2C1A932291008C28AD /* main.m in Sources */ = {isa = PBXBuildFile; fileRef = 4CA4CF2B1A932291008C28AD /* main.m */; };
		4CA4CF2F1A932291008C28AD /* AppDelegate.m in Sources */ = {isa = PBXBuildFile; fileRef = 4CA4CF2E1A932291008C28AD /* AppDelegate.m */; };
		4CA4CF321A932291008C28AD /* ViewController.m in Sources */ = {isa = PBXBuildFile; fileRef = 4CA4CF311A932291008C28AD /* ViewController.m */; };
		4CA4CF371A932291008C28AD /* Images.xcassets in Resources */ = {isa = PBXBuildFile; fileRef = 4CA4CF361A932291008C28AD /* Images.xcassets */; };
		4CA4CF461A932291008C28AD /* WeatherForecastTests.m in Sources */ = {isa = PBXBuildFile; fileRef = 4CA4CF451A932291008C28AD /* WeatherForecastTests.m */; };
		4CA4CF641A934534008C28AD /* LaunchScreen.xib in Resources */ = {isa = PBXBuildFile; fileRef = 4CA4CF621A934534008C28AD /* LaunchScreen.xib */; };
		4CA4CF651A934534008C28AD /* Main.storyboard in Resources */ = {isa = PBXBuildFile; fileRef = 4CA4CF631A934534008C28AD /* Main.storyboard */; };
		4CA4CF6B1A934632008C28AD /* WFConditions.m in Sources */ = {isa = PBXBuildFile; fileRef = 4CA4CF6A1A934632008C28AD /* WFConditions.m */; };
		4CA4CF6E1A93482A008C28AD /* WFDaily.m in Sources */ = {isa = PBXBuildFile; fileRef = 4CA4CF6D1A93482A008C28AD /* WFDaily.m */; };
		4CA4CF711A9348C6008C28AD /* WFLocation.m in Sources */ = {isa = PBXBuildFile; fileRef = 4CA4CF701A9348C6008C28AD /* WFLocation.m */; };
		4CA4CF741A934DA8008C28AD /* WFClient.m in Sources */ = {isa = PBXBuildFile; fileRef = 4CA4CF731A934DA8008C28AD /* WFClient.m */; };
		4CA4CF771A934DCF008C28AD /* WFManager.m in Sources */ = {isa = PBXBuildFile; fileRef = 4CA4CF761A934DCF008C28AD /* WFManager.m */; };
		4CC036B21AA70717004D7993 /* WFRequest.m in Sources */ = {isa = PBXBuildFile; fileRef = 4CC036B11AA70717004D7993 /* WFRequest.m */; };
		4CC036B51AA7131A004D7993 /* RequestQueue.m in Sources */ = {isa = PBXBuildFile; fileRef = 4CC036B41AA7131A004D7993 /* RequestQueue.m */; };
		4CC552381A95D8BF00797E51 /* WFJSONParser.m in Sources */ = {isa = PBXBuildFile; fileRef = 4CC552371A95D8BF00797E51 /* WFJSONParser.m */; };
		4CC5B9FF1A9DBC9700531E6D /* GeographyLocation.m in Sources */ = {isa = PBXBuildFile; fileRef = 4CC5B9FE1A9DBC9700531E6D /* GeographyLocation.m */; };
		4CC748451AB0944C000A4F64 /* ForecastViewController.m in Sources */ = {isa = PBXBuildFile; fileRef = 4CC748431AB0944C000A4F64 /* ForecastViewController.m */; };
		4CC748461AB0944C000A4F64 /* ForecastViewController.xib in Resources */ = {isa = PBXBuildFile; fileRef = 4CC748441AB0944C000A4F64 /* ForecastViewController.xib */; };
		4CC7EF901AB2C2CD003C96FB /* CenterViewController.m in Sources */ = {isa = PBXBuildFile; fileRef = 4CC7EF8E1AB2C2CD003C96FB /* CenterViewController.m */; };
		4CC7EF911AB2C2CD003C96FB /* CenterViewController.xib in Resources */ = {isa = PBXBuildFile; fileRef = 4CC7EF8F1AB2C2CD003C96FB /* CenterViewController.xib */; };
		4CC7EF951AB2C2E6003C96FB /* SideMenuViewController.m in Sources */ = {isa = PBXBuildFile; fileRef = 4CC7EF931AB2C2E6003C96FB /* SideMenuViewController.m */; };
		4CC7EF961AB2C2E6003C96FB /* SideMenuViewController.xib in Resources */ = {isa = PBXBuildFile; fileRef = 4CC7EF941AB2C2E6003C96FB /* SideMenuViewController.xib */; };
		4CC7EF981AB2CC5B003C96FB /* QuartzCore.framework in Frameworks */ = {isa = PBXBuildFile; fileRef = 4CC7EF971AB2CC5B003C96FB /* QuartzCore.framework */; };
		4CCB10D31AAEFFCC003B15F1 /* CoreDataHelper.m in Sources */ = {isa = PBXBuildFile; fileRef = 4CCB10D21AAEFFCC003B15F1 /* CoreDataHelper.m */; };
		4CD3E3BA1AA45112002C0D55 /* JSONParseException.m in Sources */ = {isa = PBXBuildFile; fileRef = 4CD3E3B91AA45112002C0D55 /* JSONParseException.m */; };
		4CD3E3BC1AA46FB5002C0D55 /* CoreData.framework in Frameworks */ = {isa = PBXBuildFile; fileRef = 4CD3E3BB1AA46FB5002C0D55 /* CoreData.framework */; };
		4CD3E3BF1AA46FEE002C0D55 /* WeatherForecastModel.xcdatamodeld in Sources */ = {isa = PBXBuildFile; fileRef = 4CD3E3BD1AA46FEE002C0D55 /* WeatherForecastModel.xcdatamodeld */; };
/* End PBXBuildFile section */

/* Begin PBXContainerItemProxy section */
		4CA4CF401A932291008C28AD /* PBXContainerItemProxy */ = {
			isa = PBXContainerItemProxy;
			containerPortal = 4CA4CF1E1A932291008C28AD /* Project object */;
			proxyType = 1;
			remoteGlobalIDString = 4CA4CF251A932291008C28AD;
			remoteInfo = WeatherForecast;
		};
/* End PBXContainerItemProxy section */

/* Begin PBXFileReference section */
		4CA4CF261A932291008C28AD /* WeatherForecast.app */ = {isa = PBXFileReference; explicitFileType = wrapper.application; includeInIndex = 0; path = WeatherForecast.app; sourceTree = BUILT_PRODUCTS_DIR; };
		4CA4CF2A1A932291008C28AD /* Info.plist */ = {isa = PBXFileReference; lastKnownFileType = text.plist.xml; path = Info.plist; sourceTree = "<group>"; };
		4CA4CF2B1A932291008C28AD /* main.m */ = {isa = PBXFileReference; lastKnownFileType = sourcecode.c.objc; path = main.m; sourceTree = "<group>"; };
		4CA4CF2D1A932291008C28AD /* AppDelegate.h */ = {isa = PBXFileReference; lastKnownFileType = sourcecode.c.h; path = AppDelegate.h; sourceTree = "<group>"; };
		4CA4CF2E1A932291008C28AD /* AppDelegate.m */ = {isa = PBXFileReference; lastKnownFileType = sourcecode.c.objc; path = AppDelegate.m; sourceTree = "<group>"; };
		4CA4CF301A932291008C28AD /* ViewController.h */ = {isa = PBXFileReference; lastKnownFileType = sourcecode.c.h; path = ViewController.h; sourceTree = "<group>"; };
		4CA4CF311A932291008C28AD /* ViewController.m */ = {isa = PBXFileReference; lastKnownFileType = sourcecode.c.objc; path = ViewController.m; sourceTree = "<group>"; };
		4CA4CF361A932291008C28AD /* Images.xcassets */ = {isa = PBXFileReference; lastKnownFileType = folder.assetcatalog; path = Images.xcassets; sourceTree = "<group>"; };
		4CA4CF3F1A932291008C28AD /* WeatherForecastTests.xctest */ = {isa = PBXFileReference; explicitFileType = wrapper.cfbundle; includeInIndex = 0; path = WeatherForecastTests.xctest; sourceTree = BUILT_PRODUCTS_DIR; };
		4CA4CF441A932291008C28AD /* Info.plist */ = {isa = PBXFileReference; lastKnownFileType = text.plist.xml; path = Info.plist; sourceTree = "<group>"; };
		4CA4CF451A932291008C28AD /* WeatherForecastTests.m */ = {isa = PBXFileReference; lastKnownFileType = sourcecode.c.objc; path = WeatherForecastTests.m; sourceTree = "<group>"; };
		4CA4CF621A934534008C28AD /* LaunchScreen.xib */ = {isa = PBXFileReference; fileEncoding = 4; lastKnownFileType = file.xib; path = LaunchScreen.xib; sourceTree = "<group>"; };
		4CA4CF631A934534008C28AD /* Main.storyboard */ = {isa = PBXFileReference; fileEncoding = 4; lastKnownFileType = file.storyboard; path = Main.storyboard; sourceTree = "<group>"; };
		4CA4CF691A934632008C28AD /* WFConditions.h */ = {isa = PBXFileReference; fileEncoding = 4; lastKnownFileType = sourcecode.c.h; path = WFConditions.h; sourceTree = "<group>"; };
		4CA4CF6A1A934632008C28AD /* WFConditions.m */ = {isa = PBXFileReference; fileEncoding = 4; lastKnownFileType = sourcecode.c.objc; path = WFConditions.m; sourceTree = "<group>"; };
		4CA4CF6C1A93482A008C28AD /* WFDaily.h */ = {isa = PBXFileReference; fileEncoding = 4; lastKnownFileType = sourcecode.c.h; path = WFDaily.h; sourceTree = "<group>"; };
		4CA4CF6D1A93482A008C28AD /* WFDaily.m */ = {isa = PBXFileReference; fileEncoding = 4; lastKnownFileType = sourcecode.c.objc; path = WFDaily.m; sourceTree = "<group>"; };
		4CA4CF6F1A9348C6008C28AD /* WFLocation.h */ = {isa = PBXFileReference; fileEncoding = 4; lastKnownFileType = sourcecode.c.h; path = WFLocation.h; sourceTree = "<group>"; };
		4CA4CF701A9348C6008C28AD /* WFLocation.m */ = {isa = PBXFileReference; fileEncoding = 4; lastKnownFileType = sourcecode.c.objc; path = WFLocation.m; sourceTree = "<group>"; };
		4CA4CF721A934DA8008C28AD /* WFClient.h */ = {isa = PBXFileReference; fileEncoding = 4; lastKnownFileType = sourcecode.c.h; path = WFClient.h; sourceTree = "<group>"; };
		4CA4CF731A934DA8008C28AD /* WFClient.m */ = {isa = PBXFileReference; fileEncoding = 4; lastKnownFileType = sourcecode.c.objc; path = WFClient.m; sourceTree = "<group>"; };
		4CA4CF751A934DCF008C28AD /* WFManager.h */ = {isa = PBXFileReference; fileEncoding = 4; lastKnownFileType = sourcecode.c.h; path = WFManager.h; sourceTree = "<group>"; };
		4CA4CF761A934DCF008C28AD /* WFManager.m */ = {isa = PBXFileReference; fileEncoding = 4; lastKnownFileType = sourcecode.c.objc; path = WFManager.m; sourceTree = "<group>"; };
		4CA4CF781A937469008C28AD /* WFRequestAPIStrings.h */ = {isa = PBXFileReference; lastKnownFileType = sourcecode.c.h; path = WFRequestAPIStrings.h; sourceTree = "<group>"; };
		4CC036B01AA70717004D7993 /* WFRequest.h */ = {isa = PBXFileReference; fileEncoding = 4; lastKnownFileType = sourcecode.c.h; path = WFRequest.h; sourceTree = "<group>"; };
		4CC036B11AA70717004D7993 /* WFRequest.m */ = {isa = PBXFileReference; fileEncoding = 4; lastKnownFileType = sourcecode.c.objc; path = WFRequest.m; sourceTree = "<group>"; };
		4CC036B31AA7131A004D7993 /* RequestQueue.h */ = {isa = PBXFileReference; fileEncoding = 4; lastKnownFileType = sourcecode.c.h; path = RequestQueue.h; sourceTree = "<group>"; };
		4CC036B41AA7131A004D7993 /* RequestQueue.m */ = {isa = PBXFileReference; fileEncoding = 4; lastKnownFileType = sourcecode.c.objc; path = RequestQueue.m; sourceTree = "<group>"; };
		4CC036BA1AA74335004D7993 /* NotificationConstants.h */ = {isa = PBXFileReference; lastKnownFileType = sourcecode.c.h; path = NotificationConstants.h; sourceTree = "<group>"; };
		4CC552361A95D8BF00797E51 /* WFJSONParser.h */ = {isa = PBXFileReference; fileEncoding = 4; lastKnownFileType = sourcecode.c.h; path = WFJSONParser.h; sourceTree = "<group>"; };
		4CC552371A95D8BF00797E51 /* WFJSONParser.m */ = {isa = PBXFileReference; fileEncoding = 4; lastKnownFileType = sourcecode.c.objc; path = WFJSONParser.m; sourceTree = "<group>"; };
		4CC5B9FD1A9DBC9700531E6D /* GeographyLocation.h */ = {isa = PBXFileReference; fileEncoding = 4; lastKnownFileType = sourcecode.c.h; path = GeographyLocation.h; sourceTree = "<group>"; };
		4CC5B9FE1A9DBC9700531E6D /* GeographyLocation.m */ = {isa = PBXFileReference; fileEncoding = 4; lastKnownFileType = sourcecode.c.objc; path = GeographyLocation.m; sourceTree = "<group>"; };
		4CC748421AB0944C000A4F64 /* ForecastViewController.h */ = {isa = PBXFileReference; fileEncoding = 4; lastKnownFileType = sourcecode.c.h; path = ForecastViewController.h; sourceTree = "<group>"; };
		4CC748431AB0944C000A4F64 /* ForecastViewController.m */ = {isa = PBXFileReference; fileEncoding = 4; lastKnownFileType = sourcecode.c.objc; path = ForecastViewController.m; sourceTree = "<group>"; };
		4CC748441AB0944C000A4F64 /* ForecastViewController.xib */ = {isa = PBXFileReference; fileEncoding = 4; lastKnownFileType = file.xib; path = ForecastViewController.xib; sourceTree = "<group>"; };
		4CC7EF8D1AB2C2CD003C96FB /* CenterViewController.h */ = {isa = PBXFileReference; fileEncoding = 4; lastKnownFileType = sourcecode.c.h; path = CenterViewController.h; sourceTree = "<group>"; };
		4CC7EF8E1AB2C2CD003C96FB /* CenterViewController.m */ = {isa = PBXFileReference; fileEncoding = 4; lastKnownFileType = sourcecode.c.objc; path = CenterViewController.m; sourceTree = "<group>"; };
		4CC7EF8F1AB2C2CD003C96FB /* CenterViewController.xib */ = {isa = PBXFileReference; fileEncoding = 4; lastKnownFileType = file.xib; path = CenterViewController.xib; sourceTree = "<group>"; };
		4CC7EF921AB2C2E6003C96FB /* SideMenuViewController.h */ = {isa = PBXFileReference; fileEncoding = 4; lastKnownFileType = sourcecode.c.h; path = SideMenuViewController.h; sourceTree = "<group>"; };
		4CC7EF931AB2C2E6003C96FB /* SideMenuViewController.m */ = {isa = PBXFileReference; fileEncoding = 4; lastKnownFileType = sourcecode.c.objc; path = SideMenuViewController.m; sourceTree = "<group>"; };
		4CC7EF941AB2C2E6003C96FB /* SideMenuViewController.xib */ = {isa = PBXFileReference; fileEncoding = 4; lastKnownFileType = file.xib; path = SideMenuViewController.xib; sourceTree = "<group>"; };
		4CC7EF971AB2CC5B003C96FB /* QuartzCore.framework */ = {isa = PBXFileReference; lastKnownFileType = wrapper.framework; name = QuartzCore.framework; path = System/Library/Frameworks/QuartzCore.framework; sourceTree = SDKROOT; };
		4CCB10D11AAEFFCC003B15F1 /* CoreDataHelper.h */ = {isa = PBXFileReference; fileEncoding = 4; lastKnownFileType = sourcecode.c.h; path = CoreDataHelper.h; sourceTree = "<group>"; };
		4CCB10D21AAEFFCC003B15F1 /* CoreDataHelper.m */ = {isa = PBXFileReference; fileEncoding = 4; lastKnownFileType = sourcecode.c.objc; path = CoreDataHelper.m; sourceTree = "<group>"; };
		4CD3E3B81AA45112002C0D55 /* JSONParseException.h */ = {isa = PBXFileReference; fileEncoding = 4; lastKnownFileType = sourcecode.c.h; path = JSONParseException.h; sourceTree = "<group>"; };
		4CD3E3B91AA45112002C0D55 /* JSONParseException.m */ = {isa = PBXFileReference; fileEncoding = 4; lastKnownFileType = sourcecode.c.objc; path = JSONParseException.m; sourceTree = "<group>"; };
		4CD3E3BB1AA46FB5002C0D55 /* CoreData.framework */ = {isa = PBXFileReference; lastKnownFileType = wrapper.framework; name = CoreData.framework; path = System/Library/Frameworks/CoreData.framework; sourceTree = SDKROOT; };
		4CD3E3BE1AA46FEE002C0D55 /* WeatherForecastModel.xcdatamodel */ = {isa = PBXFileReference; lastKnownFileType = wrapper.xcdatamodel; path = WeatherForecastModel.xcdatamodel; sourceTree = "<group>"; };
/* End PBXFileReference section */

/* Begin PBXFrameworksBuildPhase section */
		4CA4CF231A932291008C28AD /* Frameworks */ = {
			isa = PBXFrameworksBuildPhase;
			buildActionMask = 2147483647;
			files = (
				4CC7EF981AB2CC5B003C96FB /* QuartzCore.framework in Frameworks */,
				4CD3E3BC1AA46FB5002C0D55 /* CoreData.framework in Frameworks */,
			);
			runOnlyForDeploymentPostprocessing = 0;
		};
		4CA4CF3C1A932291008C28AD /* Frameworks */ = {
			isa = PBXFrameworksBuildPhase;
			buildActionMask = 2147483647;
			files = (
			);
			runOnlyForDeploymentPostprocessing = 0;
		};
/* End PBXFrameworksBuildPhase section */

/* Begin PBXGroup section */
		4CA4CF1D1A932291008C28AD = {
			isa = PBXGroup;
			children = (
				4CC7EF971AB2CC5B003C96FB /* QuartzCore.framework */,
				4CD3E3BB1AA46FB5002C0D55 /* CoreData.framework */,
				4CA4CF281A932291008C28AD /* WeatherForecast */,
				4CA4CF421A932291008C28AD /* WeatherForecastTests */,
				4CA4CF271A932291008C28AD /* Products */,
			);
			sourceTree = "<group>";
		};
		4CA4CF271A932291008C28AD /* Products */ = {
			isa = PBXGroup;
			children = (
				4CA4CF261A932291008C28AD /* WeatherForecast.app */,
				4CA4CF3F1A932291008C28AD /* WeatherForecastTests.xctest */,
			);
			name = Products;
			sourceTree = "<group>";
		};
		4CA4CF281A932291008C28AD /* WeatherForecast */ = {
			isa = PBXGroup;
			children = (
				4CA4CF2D1A932291008C28AD /* AppDelegate.h */,
				4CA4CF2E1A932291008C28AD /* AppDelegate.m */,
				4CC036B71AA7425E004D7993 /* Controllers */,
				4CC036B61AA7422B004D7993 /* Objects model */,
				4CC036B91AA742DB004D7993 /* Views */,
				4CC036B81AA742A0004D7993 /* Service interaction back-end */,
				4CD3E3B11AA44072002C0D55 /* Exceptions */,
				4CA4CF361A932291008C28AD /* Images.xcassets */,
				4CA4CF291A932291008C28AD /* Supporting Files */,
			);
			path = WeatherForecast;
			sourceTree = "<group>";
		};
		4CA4CF291A932291008C28AD /* Supporting Files */ = {
			isa = PBXGroup;
			children = (
				4CA4CF2A1A932291008C28AD /* Info.plist */,
				4CA4CF2B1A932291008C28AD /* main.m */,
			);
			name = "Supporting Files";
			sourceTree = "<group>";
		};
		4CA4CF421A932291008C28AD /* WeatherForecastTests */ = {
			isa = PBXGroup;
			children = (
				4CA4CF451A932291008C28AD /* WeatherForecastTests.m */,
				4CA4CF431A932291008C28AD /* Supporting Files */,
			);
			path = WeatherForecastTests;
			sourceTree = "<group>";
		};
		4CA4CF431A932291008C28AD /* Supporting Files */ = {
			isa = PBXGroup;
			children = (
				4CA4CF441A932291008C28AD /* Info.plist */,
			);
			name = "Supporting Files";
			sourceTree = "<group>";
		};
		4CC036B61AA7422B004D7993 /* Objects model */ = {
			isa = PBXGroup;
			children = (
				4CD3E3BD1AA46FEE002C0D55 /* WeatherForecastModel.xcdatamodeld */,
				4CA4CF6F1A9348C6008C28AD /* WFLocation.h */,
				4CA4CF701A9348C6008C28AD /* WFLocation.m */,
				4CA4CF6C1A93482A008C28AD /* WFDaily.h */,
				4CA4CF6D1A93482A008C28AD /* WFDaily.m */,
				4CA4CF691A934632008C28AD /* WFConditions.h */,
				4CA4CF6A1A934632008C28AD /* WFConditions.m */,
				4CC5B9FD1A9DBC9700531E6D /* GeographyLocation.h */,
				4CC5B9FE1A9DBC9700531E6D /* GeographyLocation.m */,
				4CCB10D11AAEFFCC003B15F1 /* CoreDataHelper.h */,
				4CCB10D21AAEFFCC003B15F1 /* CoreDataHelper.m */,
			);
			name = "Objects model";
			sourceTree = "<group>";
		};
		4CC036B71AA7425E004D7993 /* Controllers */ = {
			isa = PBXGroup;
			children = (
				4CA4CF301A932291008C28AD /* ViewController.h */,
				4CA4CF311A932291008C28AD /* ViewController.m */,
				4CC748421AB0944C000A4F64 /* ForecastViewController.h */,
				4CC748431AB0944C000A4F64 /* ForecastViewController.m */,
				4CC7EF8D1AB2C2CD003C96FB /* CenterViewController.h */,
				4CC7EF8E1AB2C2CD003C96FB /* CenterViewController.m */,
				4CC7EF921AB2C2E6003C96FB /* SideMenuViewController.h */,
				4CC7EF931AB2C2E6003C96FB /* SideMenuViewController.m */,
			);
			name = Controllers;
			sourceTree = "<group>";
		};
		4CC036B81AA742A0004D7993 /* Service interaction back-end */ = {
			isa = PBXGroup;
			children = (
				4CA4CF781A937469008C28AD /* WFRequestAPIStrings.h */,
				4CC036BA1AA74335004D7993 /* NotificationConstants.h */,
				4CA4CF721A934DA8008C28AD /* WFClient.h */,
				4CA4CF731A934DA8008C28AD /* WFClient.m */,
				4CA4CF751A934DCF008C28AD /* WFManager.h */,
				4CA4CF761A934DCF008C28AD /* WFManager.m */,
				4CC552361A95D8BF00797E51 /* WFJSONParser.h */,
				4CC552371A95D8BF00797E51 /* WFJSONParser.m */,
				4CC036B01AA70717004D7993 /* WFRequest.h */,
				4CC036B11AA70717004D7993 /* WFRequest.m */,
				4CC036B31AA7131A004D7993 /* RequestQueue.h */,
				4CC036B41AA7131A004D7993 /* RequestQueue.m */,
			);
			name = "Service interaction back-end";
			sourceTree = "<group>";
		};
		4CC036B91AA742DB004D7993 /* Views */ = {
			isa = PBXGroup;
			children = (
				4CA4CF621A934534008C28AD /* LaunchScreen.xib */,
				4CA4CF631A934534008C28AD /* Main.storyboard */,
				4CC748441AB0944C000A4F64 /* ForecastViewController.xib */,
				4CC7EF8F1AB2C2CD003C96FB /* CenterViewController.xib */,
				4CC7EF941AB2C2E6003C96FB /* SideMenuViewController.xib */,
			);
			name = Views;
			sourceTree = "<group>";
		};
		4CD3E3B11AA44072002C0D55 /* Exceptions */ = {
			isa = PBXGroup;
			children = (
				4CD3E3B81AA45112002C0D55 /* JSONParseException.h */,
				4CD3E3B91AA45112002C0D55 /* JSONParseException.m */,
			);
			name = Exceptions;
			sourceTree = "<group>";
		};
/* End PBXGroup section */

/* Begin PBXNativeTarget section */
		4CA4CF251A932291008C28AD /* WeatherForecast */ = {
			isa = PBXNativeTarget;
			buildConfigurationList = 4CA4CF491A932291008C28AD /* Build configuration list for PBXNativeTarget "WeatherForecast" */;
			buildPhases = (
				4CA4CF221A932291008C28AD /* Sources */,
				4CA4CF231A932291008C28AD /* Frameworks */,
				4CA4CF241A932291008C28AD /* Resources */,
			);
			buildRules = (
			);
			dependencies = (
			);
			name = WeatherForecast;
			productName = WeatherForecast;
			productReference = 4CA4CF261A932291008C28AD /* WeatherForecast.app */;
			productType = "com.apple.product-type.application";
		};
		4CA4CF3E1A932291008C28AD /* WeatherForecastTests */ = {
			isa = PBXNativeTarget;
			buildConfigurationList = 4CA4CF4C1A932291008C28AD /* Build configuration list for PBXNativeTarget "WeatherForecastTests" */;
			buildPhases = (
				4CA4CF3B1A932291008C28AD /* Sources */,
				4CA4CF3C1A932291008C28AD /* Frameworks */,
				4CA4CF3D1A932291008C28AD /* Resources */,
			);
			buildRules = (
			);
			dependencies = (
				4CA4CF411A932291008C28AD /* PBXTargetDependency */,
			);
			name = WeatherForecastTests;
			productName = WeatherForecastTests;
			productReference = 4CA4CF3F1A932291008C28AD /* WeatherForecastTests.xctest */;
			productType = "com.apple.product-type.bundle.unit-test";
		};
/* End PBXNativeTarget section */

/* Begin PBXProject section */
		4CA4CF1E1A932291008C28AD /* Project object */ = {
			isa = PBXProject;
			attributes = {
				LastUpgradeCheck = 0610;
				ORGANIZATIONNAME = Maria;
				TargetAttributes = {
					4CA4CF251A932291008C28AD = {
						CreatedOnToolsVersion = 6.1.1;
					};
					4CA4CF3E1A932291008C28AD = {
						CreatedOnToolsVersion = 6.1.1;
						TestTargetID = 4CA4CF251A932291008C28AD;
					};
				};
			};
			buildConfigurationList = 4CA4CF211A932291008C28AD /* Build configuration list for PBXProject "WeatherForecast" */;
			compatibilityVersion = "Xcode 3.2";
			developmentRegion = English;
			hasScannedForEncodings = 0;
			knownRegions = (
				en,
				Base,
			);
			mainGroup = 4CA4CF1D1A932291008C28AD;
			productRefGroup = 4CA4CF271A932291008C28AD /* Products */;
			projectDirPath = "";
			projectRoot = "";
			targets = (
				4CA4CF251A932291008C28AD /* WeatherForecast */,
				4CA4CF3E1A932291008C28AD /* WeatherForecastTests */,
			);
		};
/* End PBXProject section */

/* Begin PBXResourcesBuildPhase section */
		4CA4CF241A932291008C28AD /* Resources */ = {
			isa = PBXResourcesBuildPhase;
			buildActionMask = 2147483647;
			files = (
				4CC7EF911AB2C2CD003C96FB /* CenterViewController.xib in Resources */,
				4CA4CF641A934534008C28AD /* LaunchScreen.xib in Resources */,
				4CC7EF961AB2C2E6003C96FB /* SideMenuViewController.xib in Resources */,
				4CC748461AB0944C000A4F64 /* ForecastViewController.xib in Resources */,
				4CA4CF651A934534008C28AD /* Main.storyboard in Resources */,
				4CA4CF371A932291008C28AD /* Images.xcassets in Resources */,
			);
			runOnlyForDeploymentPostprocessing = 0;
		};
		4CA4CF3D1A932291008C28AD /* Resources */ = {
			isa = PBXResourcesBuildPhase;
			buildActionMask = 2147483647;
			files = (
			);
			runOnlyForDeploymentPostprocessing = 0;
		};
/* End PBXResourcesBuildPhase section */

/* Begin PBXSourcesBuildPhase section */
		4CA4CF221A932291008C28AD /* Sources */ = {
			isa = PBXSourcesBuildPhase;
			buildActionMask = 2147483647;
			files = (
				4CC7EF951AB2C2E6003C96FB /* SideMenuViewController.m in Sources */,
				4CC7EF901AB2C2CD003C96FB /* CenterViewController.m in Sources */,
				4CA4CF6B1A934632008C28AD /* WFConditions.m in Sources */,
				4CC036B51AA7131A004D7993 /* RequestQueue.m in Sources */,
				4CA4CF741A934DA8008C28AD /* WFClient.m in Sources */,
				4CCB10D31AAEFFCC003B15F1 /* CoreDataHelper.m in Sources */,
				4CA4CF771A934DCF008C28AD /* WFManager.m in Sources */,
				4CA4CF321A932291008C28AD /* ViewController.m in Sources */,
				4CA4CF711A9348C6008C28AD /* WFLocation.m in Sources */,
				4CD3E3BA1AA45112002C0D55 /* JSONParseException.m in Sources */,
				4CC552381A95D8BF00797E51 /* WFJSONParser.m in Sources */,
				4CC748451AB0944C000A4F64 /* ForecastViewController.m in Sources */,
				4CD3E3BF1AA46FEE002C0D55 /* WeatherForecastModel.xcdatamodeld in Sources */,
				4CC5B9FF1A9DBC9700531E6D /* GeographyLocation.m in Sources */,
				4CA4CF2F1A932291008C28AD /* AppDelegate.m in Sources */,
				4CA4CF6E1A93482A008C28AD /* WFDaily.m in Sources */,
				4CC036B21AA70717004D7993 /* WFRequest.m in Sources */,
				4CA4CF2C1A932291008C28AD /* main.m in Sources */,
			);
			runOnlyForDeploymentPostprocessing = 0;
		};
		4CA4CF3B1A932291008C28AD /* Sources */ = {
			isa = PBXSourcesBuildPhase;
			buildActionMask = 2147483647;
			files = (
				4CA4CF461A932291008C28AD /* WeatherForecastTests.m in Sources */,
			);
			runOnlyForDeploymentPostprocessing = 0;
		};
/* End PBXSourcesBuildPhase section */

/* Begin PBXTargetDependency section */
		4CA4CF411A932291008C28AD /* PBXTargetDependency */ = {
			isa = PBXTargetDependency;
			target = 4CA4CF251A932291008C28AD /* WeatherForecast */;
			targetProxy = 4CA4CF401A932291008C28AD /* PBXContainerItemProxy */;
		};
/* End PBXTargetDependency section */

/* Begin XCBuildConfiguration section */
		4CA4CF471A932291008C28AD /* Debug */ = {
			isa = XCBuildConfiguration;
			buildSettings = {
				ALWAYS_SEARCH_USER_PATHS = NO;
				CLANG_CXX_LANGUAGE_STANDARD = "gnu++0x";
				CLANG_CXX_LIBRARY = "libc++";
				CLANG_ENABLE_MODULES = YES;
				CLANG_ENABLE_OBJC_ARC = YES;
				CLANG_WARN_BOOL_CONVERSION = YES;
				CLANG_WARN_CONSTANT_CONVERSION = YES;
				CLANG_WARN_DIRECT_OBJC_ISA_USAGE = YES_ERROR;
				CLANG_WARN_EMPTY_BODY = YES;
				CLANG_WARN_ENUM_CONVERSION = YES;
				CLANG_WARN_INT_CONVERSION = YES;
				CLANG_WARN_OBJC_ROOT_CLASS = YES_ERROR;
				CLANG_WARN_UNREACHABLE_CODE = YES;
				CLANG_WARN__DUPLICATE_METHOD_MATCH = YES;
				"CODE_SIGN_IDENTITY[sdk=iphoneos*]" = "iPhone Developer";
				COPY_PHASE_STRIP = NO;
				ENABLE_STRICT_OBJC_MSGSEND = YES;
				GCC_C_LANGUAGE_STANDARD = gnu99;
				GCC_DYNAMIC_NO_PIC = NO;
				GCC_OPTIMIZATION_LEVEL = 0;
				GCC_PREPROCESSOR_DEFINITIONS = (
					"DEBUG=1",
					"$(inherited)",
				);
				GCC_SYMBOLS_PRIVATE_EXTERN = NO;
				GCC_WARN_64_TO_32_BIT_CONVERSION = YES;
				GCC_WARN_ABOUT_RETURN_TYPE = YES_ERROR;
				GCC_WARN_UNDECLARED_SELECTOR = YES;
				GCC_WARN_UNINITIALIZED_AUTOS = YES_AGGRESSIVE;
				GCC_WARN_UNUSED_FUNCTION = YES;
				GCC_WARN_UNUSED_VARIABLE = YES;
				IPHONEOS_DEPLOYMENT_TARGET = 8.1;
				MTL_ENABLE_DEBUG_INFO = YES;
				ONLY_ACTIVE_ARCH = YES;
				SDKROOT = iphoneos;
				TARGETED_DEVICE_FAMILY = "1,2";
			};
			name = Debug;
		};
		4CA4CF481A932291008C28AD /* Release */ = {
			isa = XCBuildConfiguration;
			buildSettings = {
				ALWAYS_SEARCH_USER_PATHS = NO;
				CLANG_CXX_LANGUAGE_STANDARD = "gnu++0x";
				CLANG_CXX_LIBRARY = "libc++";
				CLANG_ENABLE_MODULES = YES;
				CLANG_ENABLE_OBJC_ARC = YES;
				CLANG_WARN_BOOL_CONVERSION = YES;
				CLANG_WARN_CONSTANT_CONVERSION = YES;
				CLANG_WARN_DIRECT_OBJC_ISA_USAGE = YES_ERROR;
				CLANG_WARN_EMPTY_BODY = YES;
				CLANG_WARN_ENUM_CONVERSION = YES;
				CLANG_WARN_INT_CONVERSION = YES;
				CLANG_WARN_OBJC_ROOT_CLASS = YES_ERROR;
				CLANG_WARN_UNREACHABLE_CODE = YES;
				CLANG_WARN__DUPLICATE_METHOD_MATCH = YES;
				"CODE_SIGN_IDENTITY[sdk=iphoneos*]" = "iPhone Developer";
				COPY_PHASE_STRIP = YES;
				ENABLE_NS_ASSERTIONS = NO;
				ENABLE_STRICT_OBJC_MSGSEND = YES;
				GCC_C_LANGUAGE_STANDARD = gnu99;
				GCC_WARN_64_TO_32_BIT_CONVERSION = YES;
				GCC_WARN_ABOUT_RETURN_TYPE = YES_ERROR;
				GCC_WARN_UNDECLARED_SELECTOR = YES;
				GCC_WARN_UNINITIALIZED_AUTOS = YES_AGGRESSIVE;
				GCC_WARN_UNUSED_FUNCTION = YES;
				GCC_WARN_UNUSED_VARIABLE = YES;
				IPHONEOS_DEPLOYMENT_TARGET = 8.1;
				MTL_ENABLE_DEBUG_INFO = NO;
				SDKROOT = iphoneos;
				TARGETED_DEVICE_FAMILY = "1,2";
				VALIDATE_PRODUCT = YES;
			};
			name = Release;
		};
		4CA4CF4A1A932291008C28AD /* Debug */ = {
			isa = XCBuildConfiguration;
			buildSettings = {
				ASSETCATALOG_COMPILER_APPICON_NAME = AppIcon;
				INFOPLIST_FILE = WeatherForecast/Info.plist;
				IPHONEOS_DEPLOYMENT_TARGET = 7.1;
				LD_RUNPATH_SEARCH_PATHS = "$(inherited) @executable_path/Frameworks";
				PRODUCT_NAME = "$(TARGET_NAME)";
			};
			name = Debug;
		};
		4CA4CF4B1A932291008C28AD /* Release */ = {
			isa = XCBuildConfiguration;
			buildSettings = {
				ASSETCATALOG_COMPILER_APPICON_NAME = AppIcon;
				INFOPLIST_FILE = WeatherForecast/Info.plist;
				IPHONEOS_DEPLOYMENT_TARGET = 7.1;
				LD_RUNPATH_SEARCH_PATHS = "$(inherited) @executable_path/Frameworks";
				PRODUCT_NAME = "$(TARGET_NAME)";
			};
			name = Release;
		};
		4CA4CF4D1A932291008C28AD /* Debug */ = {
			isa = XCBuildConfiguration;
			buildSettings = {
				BUNDLE_LOADER = "$(TEST_HOST)";
				FRAMEWORK_SEARCH_PATHS = (
					"$(SDKROOT)/Developer/Library/Frameworks",
					"$(inherited)",
				);
				GCC_PREPROCESSOR_DEFINITIONS = (
					"DEBUG=1",
					"$(inherited)",
				);
				INFOPLIST_FILE = WeatherForecastTests/Info.plist;
				LD_RUNPATH_SEARCH_PATHS = "$(inherited) @executable_path/Frameworks @loader_path/Frameworks";
				PRODUCT_NAME = "$(TARGET_NAME)";
				TEST_HOST = "$(BUILT_PRODUCTS_DIR)/WeatherForecast.app/WeatherForecast";
			};
			name = Debug;
		};
		4CA4CF4E1A932291008C28AD /* Release */ = {
			isa = XCBuildConfiguration;
			buildSettings = {
				BUNDLE_LOADER = "$(TEST_HOST)";
				FRAMEWORK_SEARCH_PATHS = (
					"$(SDKROOT)/Developer/Library/Frameworks",
					"$(inherited)",
				);
				INFOPLIST_FILE = WeatherForecastTests/Info.plist;
				LD_RUNPATH_SEARCH_PATHS = "$(inherited) @executable_path/Frameworks @loader_path/Frameworks";
				PRODUCT_NAME = "$(TARGET_NAME)";
				TEST_HOST = "$(BUILT_PRODUCTS_DIR)/WeatherForecast.app/WeatherForecast";
			};
			name = Release;
		};
/* End XCBuildConfiguration section */

/* Begin XCConfigurationList section */
		4CA4CF211A932291008C28AD /* Build configuration list for PBXProject "WeatherForecast" */ = {
			isa = XCConfigurationList;
			buildConfigurations = (
				4CA4CF471A932291008C28AD /* Debug */,
				4CA4CF481A932291008C28AD /* Release */,
			);
			defaultConfigurationIsVisible = 0;
			defaultConfigurationName = Release;
		};
		4CA4CF491A932291008C28AD /* Build configuration list for PBXNativeTarget "WeatherForecast" */ = {
			isa = XCConfigurationList;
			buildConfigurations = (
				4CA4CF4A1A932291008C28AD /* Debug */,
				4CA4CF4B1A932291008C28AD /* Release */,
			);
			defaultConfigurationIsVisible = 0;
			defaultConfigurationName = Release;
		};
		4CA4CF4C1A932291008C28AD /* Build configuration list for PBXNativeTarget "WeatherForecastTests" */ = {
			isa = XCConfigurationList;
			buildConfigurations = (
				4CA4CF4D1A932291008C28AD /* Debug */,
				4CA4CF4E1A932291008C28AD /* Release */,
			);
			defaultConfigurationIsVisible = 0;
			defaultConfigurationName = Release;
		};
/* End XCConfigurationList section */

/* Begin XCVersionGroup section */
		4CD3E3BD1AA46FEE002C0D55 /* WeatherForecastModel.xcdatamodeld */ = {
			isa = XCVersionGroup;
			children = (
				4CD3E3BE1AA46FEE002C0D55 /* WeatherForecastModel.xcdatamodel */,
			);
			currentVersion = 4CD3E3BE1AA46FEE002C0D55 /* WeatherForecastModel.xcdatamodel */;
			path = WeatherForecastModel.xcdatamodeld;
			sourceTree = "<group>";
			versionGroupType = wrapper.xcdatamodel;
		};
/* End XCVersionGroup section */
	};
	rootObject = 4CA4CF1E1A932291008C28AD /* Project object */;
}
